
Microsoft Visual Studio Solution File, Format Version 12.00
# Visual Studio Version 16
VisualStudioVersion = 16.0.30621.155
MinimumVisualStudioVersion = 10.0.40219.1
Project("{FAE04EC0-301F-11D3-BF4B-00C04F79EFBC}") = "PhoneStore", "PhoneStore.csproj", "{CA804193-F060-49F2-8819-F36A0EB375A8}"
EndProject
Global
	GlobalSection(SolutionConfigurationPlatforms) = preSolution
		Debug|Any CPU = Debug|Any CPU
		Release|Any CPU = Release|Any CPU
	EndGlobalSection
	GlobalSection(ProjectConfigurationPlatforms) = postSolution
		{CA804193-F060-49F2-8819-F36A0EB375A8}.Debug|Any CPU.ActiveCfg = Debug|Any CPU
		{CA804193-F060-49F2-8819-F36A0EB375A8}.Debug|Any CPU.Build.0 = Debug|Any CPU
		{CA804193-F060-49F2-8819-F36A0EB375A8}.Release|Any CPU.ActiveCfg = Release|Any CPU
		{CA804193-F060-49F2-8819-F36A0EB375A8}.Release|Any CPU.Build.0 = Release|Any CPU
	EndGlobalSection
	GlobalSection(SolutionProperties) = preSolution
		HideSolutionNode = FALSE
	EndGlobalSection
	GlobalSection(ExtensibilityGlobals) = postSolution
		SolutionGuid = {BBF97570-D528-4AA6-BD23-3B8C0083818C}
	EndGlobalSection
EndGlobal
